
Microsoft Visual Studio Solution File, Format Version 12.00
# Visual Studio Version 16
VisualStudioVersion = 16.0.30907.101
MinimumVisualStudioVersion = 10.0.40219.1
Project("{FAE04EC0-301F-11D3-BF4B-00C04F79EFBC}") = "MyFirstGetAPI", "MyFirstGetAPI.csproj", "{AC82B163-1867-4F9D-A7A7-E4803C4F85A1}"
EndProject
Global
	GlobalSection(SolutionConfigurationPlatforms) = preSolution
		Debug|Any CPU = Debug|Any CPU
		Release|Any CPU = Release|Any CPU
	EndGlobalSection
	GlobalSection(ProjectConfigurationPlatforms) = postSolution
		{AC82B163-1867-4F9D-A7A7-E4803C4F85A1}.Debug|Any CPU.ActiveCfg = Debug|Any CPU
		{AC82B163-1867-4F9D-A7A7-E4803C4F85A1}.Debug|Any CPU.Build.0 = Debug|Any CPU
		{AC82B163-1867-4F9D-A7A7-E4803C4F85A1}.Release|Any CPU.ActiveCfg = Release|Any CPU
		{AC82B163-1867-4F9D-A7A7-E4803C4F85A1}.Release|Any CPU.Build.0 = Release|Any CPU
	EndGlobalSection
	GlobalSection(SolutionProperties) = preSolution
		HideSolutionNode = FALSE
	EndGlobalSection
	GlobalSection(ExtensibilityGlobals) = postSolution
		SolutionGuid = {C16B049C-6674-4B25-A308-82FB1CD9DD95}
	EndGlobalSection
EndGlobal
